
Microsoft Visual Studio Solution File, Format Version 12.00
# Visual Studio Version 17
VisualStudioVersion = 17.7.34031.279
MinimumVisualStudioVersion = 10.0.40219.1
Project("{FAE04EC0-301F-11D3-BF4B-00C04F79EFBC}") = "Player_&_Team", "Player_&_Team\Player_&_Team.csproj", "{7B440D4B-7F94-4BD8-B8EA-6D9F57199751}"
EndProject
Project("{FAE04EC0-301F-11D3-BF4B-00C04F79EFBC}") = "PlayerTeamLibrary", "PlayerTeamLibrary\PlayerTeamLibrary.csproj", "{23E5FB6F-33D1-441E-BA8C-E49E6776FC5E}"
EndProject
Global
	GlobalSection(SolutionConfigurationPlatforms) = preSolution
		Debug|Any CPU = Debug|Any CPU
		Release|Any CPU = Release|Any CPU
	EndGlobalSection
	GlobalSection(ProjectConfigurationPlatforms) = postSolution
		{7B440D4B-7F94-4BD8-B8EA-6D9F57199751}.Debug|Any CPU.ActiveCfg = Debug|Any CPU
		{7B440D4B-7F94-4BD8-B8EA-6D9F57199751}.Debug|Any CPU.Build.0 = Debug|Any CPU
		{7B440D4B-7F94-4BD8-B8EA-6D9F57199751}.Release|Any CPU.ActiveCfg = Release|Any CPU
		{7B440D4B-7F94-4BD8-B8EA-6D9F57199751}.Release|Any CPU.Build.0 = Release|Any CPU
		{23E5FB6F-33D1-441E-BA8C-E49E6776FC5E}.Debug|Any CPU.ActiveCfg = Debug|Any CPU
		{23E5FB6F-33D1-441E-BA8C-E49E6776FC5E}.Debug|Any CPU.Build.0 = Debug|Any CPU
		{23E5FB6F-33D1-441E-BA8C-E49E6776FC5E}.Release|Any CPU.ActiveCfg = Release|Any CPU
		{23E5FB6F-33D1-441E-BA8C-E49E6776FC5E}.Release|Any CPU.Build.0 = Release|Any CPU
	EndGlobalSection
	GlobalSection(SolutionProperties) = preSolution
		HideSolutionNode = FALSE
	EndGlobalSection
	GlobalSection(ExtensibilityGlobals) = postSolution
		SolutionGuid = {6479B876-76A5-4715-8828-561275E4954E}
	EndGlobalSection
EndGlobal
